// !$*UTF8*$!
{
	archiveVersion = 1;
	classes = {
	};
	objectVersion = 46;
	objects = {

/* Begin PBXBuildFile section */
		B29496C719784B780000DAC7 /* Foundation.framework in Frameworks */ = {isa = PBXBuildFile; fileRef = B29496C619784B780000DAC7 /* Foundation.framework */; };
		B29496C919784B780000DAC7 /* CoreGraphics.framework in Frameworks */ = {isa = PBXBuildFile; fileRef = B29496C819784B780000DAC7 /* CoreGraphics.framework */; };
		B29496CB19784B780000DAC7 /* UIKit.framework in Frameworks */ = {isa = PBXBuildFile; fileRef = B29496CA19784B780000DAC7 /* UIKit.framework */; };
		B29496D119784B780000DAC7 /* InfoPlist.strings in Resources */ = {isa = PBXBuildFile; fileRef = B29496CF19784B780000DAC7 /* InfoPlist.strings */; };
		B29496D319784B780000DAC7 /* main.m in Sources */ = {isa = PBXBuildFile; fileRef = B29496D219784B780000DAC7 /* main.m */; };
		B29496D719784B780000DAC7 /* PMAppDelegate.m in Sources */ = {isa = PBXBuildFile; fileRef = B29496D619784B780000DAC7 /* PMAppDelegate.m */; };
		B29496D919784B780000DAC7 /* Images.xcassets in Resources */ = {isa = PBXBuildFile; fileRef = B29496D819784B780000DAC7 /* Images.xcassets */; };
		B29496E019784B780000DAC7 /* XCTest.framework in Frameworks */ = {isa = PBXBuildFile; fileRef = B29496DF19784B780000DAC7 /* XCTest.framework */; };
		B29496E119784B780000DAC7 /* Foundation.framework in Frameworks */ = {isa = PBXBuildFile; fileRef = B29496C619784B780000DAC7 /* Foundation.framework */; };
		B29496E219784B780000DAC7 /* UIKit.framework in Frameworks */ = {isa = PBXBuildFile; fileRef = B29496CA19784B780000DAC7 /* UIKit.framework */; };
		B29496EA19784B780000DAC7 /* InfoPlist.strings in Resources */ = {isa = PBXBuildFile; fileRef = B29496E819784B780000DAC7 /* InfoPlist.strings */; };
		B29496EC19784B780000DAC7 /* PMMapViewTests.m in Sources */ = {isa = PBXBuildFile; fileRef = B29496EB19784B780000DAC7 /* PMMapViewTests.m */; };
/* End PBXBuildFile section */

/* Begin PBXContainerItemProxy section */
		B29496E319784B780000DAC7 /* PBXContainerItemProxy */ = {
			isa = PBXContainerItemProxy;
			containerPortal = B29496BB19784B780000DAC7 /* Project object */;
			proxyType = 1;
			remoteGlobalIDString = B29496C219784B780000DAC7;
			remoteInfo = PMMapView;
		};
/* End PBXContainerItemProxy section */

/* Begin PBXFileReference section */
		B29496C319784B780000DAC7 /* PMMapView.app */ = {isa = PBXFileReference; explicitFileType = wrapper.application; includeInIndex = 0; path = PMMapView.app; sourceTree = BUILT_PRODUCTS_DIR; };
		B29496C619784B780000DAC7 /* Foundation.framework */ = {isa = PBXFileReference; lastKnownFileType = wrapper.framework; name = Foundation.framework; path = System/Library/Frameworks/Foundation.framework; sourceTree = SDKROOT; };
		B29496C819784B780000DAC7 /* CoreGraphics.framework */ = {isa = PBXFileReference; lastKnownFileType = wrapper.framework; name = CoreGraphics.framework; path = System/Library/Frameworks/CoreGraphics.framework; sourceTree = SDKROOT; };
		B29496CA19784B780000DAC7 /* UIKit.framework */ = {isa = PBXFileReference; lastKnownFileType = wrapper.framework; name = UIKit.framework; path = System/Library/Frameworks/UIKit.framework; sourceTree = SDKROOT; };
		B29496CE19784B780000DAC7 /* PMMapView-Info.plist */ = {isa = PBXFileReference; lastKnownFileType = text.plist.xml; path = "PMMapView-Info.plist"; sourceTree = "<group>"; };
		B29496D019784B780000DAC7 /* en */ = {isa = PBXFileReference; lastKnownFileType = text.plist.strings; name = en; path = en.lproj/InfoPlist.strings; sourceTree = "<group>"; };
		B29496D219784B780000DAC7 /* main.m */ = {isa = PBXFileReference; lastKnownFileType = sourcecode.c.objc; path = main.m; sourceTree = "<group>"; };
		B29496D419784B780000DAC7 /* PMMapView-Prefix.pch */ = {isa = PBXFileReference; lastKnownFileType = sourcecode.c.h; path = "PMMapView-Prefix.pch"; sourceTree = "<group>"; };
		B29496D519784B780000DAC7 /* PMAppDelegate.h */ = {isa = PBXFileReference; lastKnownFileType = sourcecode.c.h; path = PMAppDelegate.h; sourceTree = "<group>"; };
		B29496D619784B780000DAC7 /* PMAppDelegate.m */ = {isa = PBXFileReference; lastKnownFileType = sourcecode.c.objc; path = PMAppDelegate.m; sourceTree = "<group>"; };
		B29496D819784B780000DAC7 /* Images.xcassets */ = {isa = PBXFileReference; lastKnownFileType = folder.assetcatalog; path = Images.xcassets; sourceTree = "<group>"; };
		B29496DE19784B780000DAC7 /* PMMapViewTests.xctest */ = {isa = PBXFileReference; explicitFileType = wrapper.cfbundle; includeInIndex = 0; path = PMMapViewTests.xctest; sourceTree = BUILT_PRODUCTS_DIR; };
		B29496DF19784B780000DAC7 /* XCTest.framework */ = {isa = PBXFileReference; lastKnownFileType = wrapper.framework; name = XCTest.framework; path = Library/Frameworks/XCTest.framework; sourceTree = DEVELOPER_DIR; };
		B29496E719784B780000DAC7 /* PMMapViewTests-Info.plist */ = {isa = PBXFileReference; lastKnownFileType = text.plist.xml; path = "PMMapViewTests-Info.plist"; sourceTree = "<group>"; };
		B29496E919784B780000DAC7 /* en */ = {isa = PBXFileReference; lastKnownFileType = text.plist.strings; name = en; path = en.lproj/InfoPlist.strings; sourceTree = "<group>"; };
		B29496EB19784B780000DAC7 /* PMMapViewTests.m */ = {isa = PBXFileReference; lastKnownFileType = sourcecode.c.objc; path = PMMapViewTests.m; sourceTree = "<group>"; };
/* End PBXFileReference section */

/* Begin PBXFrameworksBuildPhase section */
		B29496C019784B780000DAC7 /* Frameworks */ = {
			isa = PBXFrameworksBuildPhase;
			buildActionMask = 2147483647;
			files = (
				B29496C919784B780000DAC7 /* CoreGraphics.framework in Frameworks */,
				B29496CB19784B780000DAC7 /* UIKit.framework in Frameworks */,
				B29496C719784B780000DAC7 /* Foundation.framework in Frameworks */,
			);
			runOnlyForDeploymentPostprocessing = 0;
		};
		B29496DB19784B780000DAC7 /* Frameworks */ = {
			isa = PBXFrameworksBuildPhase;
			buildActionMask = 2147483647;
			files = (
				B29496E019784B780000DAC7 /* XCTest.framework in Frameworks */,
				B29496E219784B780000DAC7 /* UIKit.framework in Frameworks */,
				B29496E119784B780000DAC7 /* Foundation.framework in Frameworks */,
			);
			runOnlyForDeploymentPostprocessing = 0;
		};
/* End PBXFrameworksBuildPhase section */

/* Begin PBXGroup section */
		B29496BA19784B780000DAC7 = {
			isa = PBXGroup;
			children = (
				B29496CC19784B780000DAC7 /* PMMapView */,
				B29496E519784B780000DAC7 /* PMMapViewTests */,
				B29496C519784B780000DAC7 /* Frameworks */,
				B29496C419784B780000DAC7 /* Products */,
			);
			sourceTree = "<group>";
		};
		B29496C419784B780000DAC7 /* Products */ = {
			isa = PBXGroup;
			children = (
				B29496C319784B780000DAC7 /* PMMapView.app */,
				B29496DE19784B780000DAC7 /* PMMapViewTests.xctest */,
			);
			name = Products;
			sourceTree = "<group>";
		};
		B29496C519784B780000DAC7 /* Frameworks */ = {
			isa = PBXGroup;
			children = (
				B29496C619784B780000DAC7 /* Foundation.framework */,
				B29496C819784B780000DAC7 /* CoreGraphics.framework */,
				B29496CA19784B780000DAC7 /* UIKit.framework */,
				B29496DF19784B780000DAC7 /* XCTest.framework */,
			);
			name = Frameworks;
			sourceTree = "<group>";
		};
		B29496CC19784B780000DAC7 /* PMMapView */ = {
			isa = PBXGroup;
			children = (
				B29496D519784B780000DAC7 /* PMAppDelegate.h */,
				B29496D619784B780000DAC7 /* PMAppDelegate.m */,
				B29496D819784B780000DAC7 /* Images.xcassets */,
				B29496CD19784B780000DAC7 /* Supporting Files */,
			);
			path = PMMapView;
			sourceTree = "<group>";
		};
		B29496CD19784B780000DAC7 /* Supporting Files */ = {
			isa = PBXGroup;
			children = (
				B29496CE19784B780000DAC7 /* PMMapView-Info.plist */,
				B29496CF19784B780000DAC7 /* InfoPlist.strings */,
				B29496D219784B780000DAC7 /* main.m */,
				B29496D419784B780000DAC7 /* PMMapView-Prefix.pch */,
			);
			name = "Supporting Files";
			sourceTree = "<group>";
		};
		B29496E519784B780000DAC7 /* PMMapViewTests */ = {
			isa = PBXGroup;
			children = (
				B29496EB19784B780000DAC7 /* PMMapViewTests.m */,
				B29496E619784B780000DAC7 /* Supporting Files */,
			);
			path = PMMapViewTests;
			sourceTree = "<group>";
		};
		B29496E619784B780000DAC7 /* Supporting Files */ = {
			isa = PBXGroup;
			children = (
				B29496E719784B780000DAC7 /* PMMapViewTests-Info.plist */,
				B29496E819784B780000DAC7 /* InfoPlist.strings */,
			);
			name = "Supporting Files";
			sourceTree = "<group>";
		};
/* End PBXGroup section */

/* Begin PBXNativeTarget section */
		B29496C219784B780000DAC7 /* PMMapView */ = {
			isa = PBXNativeTarget;
			buildConfigurationList = B29496EF19784B780000DAC7 /* Build configuration list for PBXNativeTarget "PMMapView" */;
			buildPhases = (
				B29496BF19784B780000DAC7 /* Sources */,
				B29496C019784B780000DAC7 /* Frameworks */,
				B29496C119784B780000DAC7 /* Resources */,
			);
			buildRules = (
			);
			dependencies = (
			);
			name = PMMapView;
			productName = PMMapView;
			productReference = B29496C319784B780000DAC7 /* PMMapView.app */;
			productType = "com.apple.product-type.application";
		};
		B29496DD19784B780000DAC7 /* PMMapViewTests */ = {
			isa = PBXNativeTarget;
			buildConfigurationList = B29496F219784B780000DAC7 /* Build configuration list for PBXNativeTarget "PMMapViewTests" */;
			buildPhases = (
				B29496DA19784B780000DAC7 /* Sources */,
				B29496DB19784B780000DAC7 /* Frameworks */,
				B29496DC19784B780000DAC7 /* Resources */,
			);
			buildRules = (
			);
			dependencies = (
				B29496E419784B780000DAC7 /* PBXTargetDependency */,
			);
			name = PMMapViewTests;
			productName = PMMapViewTests;
			productReference = B29496DE19784B780000DAC7 /* PMMapViewTests.xctest */;
			productType = "com.apple.product-type.bundle.unit-test";
		};
/* End PBXNativeTarget section */

/* Begin PBXProject section */
		B29496BB19784B780000DAC7 /* Project object */ = {
			isa = PBXProject;
			attributes = {
				CLASSPREFIX = PM;
				LastUpgradeCheck = 0510;
				TargetAttributes = {
					B29496DD19784B780000DAC7 = {
						TestTargetID = B29496C219784B780000DAC7;
					};
				};
			};
			buildConfigurationList = B29496BE19784B780000DAC7 /* Build configuration list for PBXProject "PMMapView" */;
			compatibilityVersion = "Xcode 3.2";
			developmentRegion = English;
			hasScannedForEncodings = 0;
			knownRegions = (
				en,
			);
			mainGroup = B29496BA19784B780000DAC7;
			productRefGroup = B29496C419784B780000DAC7 /* Products */;
			projectDirPath = "";
			projectRoot = "";
			targets = (
				B29496C219784B780000DAC7 /* PMMapView */,
				B29496DD19784B780000DAC7 /* PMMapViewTests */,
			);
		};
/* End PBXProject section */

/* Begin PBXResourcesBuildPhase section */
		B29496C119784B780000DAC7 /* Resources */ = {
			isa = PBXResourcesBuildPhase;
			buildActionMask = 2147483647;
			files = (
				B29496D119784B780000DAC7 /* InfoPlist.strings in Resources */,
				B29496D919784B780000DAC7 /* Images.xcassets in Resources */,
			);
			runOnlyForDeploymentPostprocessing = 0;
		};
		B29496DC19784B780000DAC7 /* Resources */ = {
			isa = PBXResourcesBuildPhase;
			buildActionMask = 2147483647;
			files = (
				B29496EA19784B780000DAC7 /* InfoPlist.strings in Resources */,
			);
			runOnlyForDeploymentPostprocessing = 0;
		};
/* End PBXResourcesBuildPhase section */

/* Begin PBXSourcesBuildPhase section */
		B29496BF19784B780000DAC7 /* Sources */ = {
			isa = PBXSourcesBuildPhase;
			buildActionMask = 2147483647;
			files = (
				B29496D319784B780000DAC7 /* main.m in Sources */,
				B29496D719784B780000DAC7 /* PMAppDelegate.m in Sources */,
			);
			runOnlyForDeploymentPostprocessing = 0;
		};
		B29496DA19784B780000DAC7 /* Sources */ = {
			isa = PBXSourcesBuildPhase;
			buildActionMask = 2147483647;
			files = (
				B29496EC19784B780000DAC7 /* PMMapViewTests.m in Sources */,
			);
			runOnlyForDeploymentPostprocessing = 0;
		};
/* End PBXSourcesBuildPhase section */

/* Begin PBXTargetDependency section */
		B29496E419784B780000DAC7 /* PBXTargetDependency */ = {
			isa = PBXTargetDependency;
			target = B29496C219784B780000DAC7 /* PMMapView */;
			targetProxy = B29496E319784B780000DAC7 /* PBXContainerItemProxy */;
		};
/* End PBXTargetDependency section */

/* Begin PBXVariantGroup section */
		B29496CF19784B780000DAC7 /* InfoPlist.strings */ = {
			isa = PBXVariantGroup;
			children = (
				B29496D019784B780000DAC7 /* en */,
			);
			name = InfoPlist.strings;
			sourceTree = "<group>";
		};
		B29496E819784B780000DAC7 /* InfoPlist.strings */ = {
			isa = PBXVariantGroup;
			children = (
				B29496E919784B780000DAC7 /* en */,
			);
			name = InfoPlist.strings;
			sourceTree = "<group>";
		};
/* End PBXVariantGroup section */

/* Begin XCBuildConfiguration section */
		B29496ED19784B780000DAC7 /* Debug */ = {
			isa = XCBuildConfiguration;
			buildSettings = {
				ALWAYS_SEARCH_USER_PATHS = NO;
				CLANG_CXX_LANGUAGE_STANDARD = "gnu++0x";
				CLANG_CXX_LIBRARY = "libc++";
				CLANG_ENABLE_MODULES = YES;
				CLANG_ENABLE_OBJC_ARC = YES;
				CLANG_WARN_BOOL_CONVERSION = YES;
				CLANG_WARN_CONSTANT_CONVERSION = YES;
				CLANG_WARN_DIRECT_OBJC_ISA_USAGE = YES_ERROR;
				CLANG_WARN_EMPTY_BODY = YES;
				CLANG_WARN_ENUM_CONVERSION = YES;
				CLANG_WARN_INT_CONVERSION = YES;
				CLANG_WARN_OBJC_ROOT_CLASS = YES_ERROR;
				CLANG_WARN__DUPLICATE_METHOD_MATCH = YES;
				"CODE_SIGN_IDENTITY[sdk=iphoneos*]" = "iPhone Developer";
				COPY_PHASE_STRIP = NO;
				GCC_C_LANGUAGE_STANDARD = gnu99;
				GCC_DYNAMIC_NO_PIC = NO;
				GCC_OPTIMIZATION_LEVEL = 0;
				GCC_PREPROCESSOR_DEFINITIONS = (
					"DEBUG=1",
					"$(inherited)",
				);
				GCC_SYMBOLS_PRIVATE_EXTERN = NO;
				GCC_WARN_64_TO_32_BIT_CONVERSION = YES;
				GCC_WARN_ABOUT_RETURN_TYPE = YES_ERROR;
				GCC_WARN_UNDECLARED_SELECTOR = YES;
				GCC_WARN_UNINITIALIZED_AUTOS = YES_AGGRESSIVE;
				GCC_WARN_UNUSED_FUNCTION = YES;
				GCC_WARN_UNUSED_VARIABLE = YES;
				IPHONEOS_DEPLOYMENT_TARGET = 7.1;
				ONLY_ACTIVE_ARCH = YES;
				SDKROOT = iphoneos;
				TARGETED_DEVICE_FAMILY = 2;
			};
			name = Debug;
		};
		B29496EE19784B780000DAC7 /* Release */ = {
			isa = XCBuildConfiguration;
			buildSettings = {
				ALWAYS_SEARCH_USER_PATHS = NO;
				CLANG_CXX_LANGUAGE_STANDARD = "gnu++0x";
				CLANG_CXX_LIBRARY = "libc++";
				CLANG_ENABLE_MODULES = YES;
				CLANG_ENABLE_OBJC_ARC = YES;
				CLANG_WARN_BOOL_CONVERSION = YES;
				CLANG_WARN_CONSTANT_CONVERSION = YES;
				CLANG_WARN_DIRECT_OBJC_ISA_USAGE = YES_ERROR;
				CLANG_WARN_EMPTY_BODY = YES;
				CLANG_WARN_ENUM_CONVERSION = YES;
				CLANG_WARN_INT_CONVERSION = YES;
				CLANG_WARN_OBJC_ROOT_CLASS = YES_ERROR;
				CLANG_WARN__DUPLICATE_METHOD_MATCH = YES;
				"CODE_SIGN_IDENTITY[sdk=iphoneos*]" = "iPhone Developer";
				COPY_PHASE_STRIP = YES;
				ENABLE_NS_ASSERTIONS = NO;
				GCC_C_LANGUAGE_STANDARD = gnu99;
				GCC_WARN_64_TO_32_BIT_CONVERSION = YES;
				GCC_WARN_ABOUT_RETURN_TYPE = YES_ERROR;
				GCC_WARN_UNDECLARED_SELECTOR = YES;
				GCC_WARN_UNINITIALIZED_AUTOS = YES_AGGRESSIVE;
				GCC_WARN_UNUSED_FUNCTION = YES;
				GCC_WARN_UNUSED_VARIABLE = YES;
				IPHONEOS_DEPLOYMENT_TARGET = 7.1;
				SDKROOT = iphoneos;
				TARGETED_DEVICE_FAMILY = 2;
				VALIDATE_PRODUCT = YES;
			};
			name = Release;
		};
		B29496F019784B780000DAC7 /* Debug */ = {
			isa = XCBuildConfiguration;
			buildSettings = {
				ASSETCATALOG_COMPILER_APPICON_NAME = AppIcon;
				ASSETCATALOG_COMPILER_LAUNCHIMAGE_NAME = LaunchImage;
				GCC_PRECOMPILE_PREFIX_HEADER = YES;
				GCC_PREFIX_HEADER = "PMMapView/PMMapView-Prefix.pch";
				INFOPLIST_FILE = "PMMapView/PMMapView-Info.plist";
				PRODUCT_NAME = "$(TARGET_NAME)";
				WRAPPER_EXTENSION = app;
			};
			name = Debug;
		};
		B29496F119784B780000DAC7 /* Release */ = {
			isa = XCBuildConfiguration;
			buildSettings = {
				ASSETCATALOG_COMPILER_APPICON_NAME = AppIcon;
				ASSETCATALOG_COMPILER_LAUNCHIMAGE_NAME = LaunchImage;
				GCC_PRECOMPILE_PREFIX_HEADER = YES;
				GCC_PREFIX_HEADER = "PMMapView/PMMapView-Prefix.pch";
				INFOPLIST_FILE = "PMMapView/PMMapView-Info.plist";
				PRODUCT_NAME = "$(TARGET_NAME)";
				WRAPPER_EXTENSION = app;
			};
			name = Release;
		};
		B29496F319784B780000DAC7 /* Debug */ = {
			isa = XCBuildConfiguration;
			buildSettings = {
				BUNDLE_LOADER = "$(BUILT_PRODUCTS_DIR)/PMMapView.app/PMMapView";
				FRAMEWORK_SEARCH_PATHS = (
					"$(SDKROOT)/Developer/Library/Frameworks",
					"$(inherited)",
					"$(DEVELOPER_FRAMEWORKS_DIR)",
				);
				GCC_PRECOMPILE_PREFIX_HEADER = YES;
				GCC_PREFIX_HEADER = "PMMapView/PMMapView-Prefix.pch";
				GCC_PREPROCESSOR_DEFINITIONS = (
					"DEBUG=1",
					"$(inherited)",
				);
				INFOPLIST_FILE = "PMMapViewTests/PMMapViewTests-Info.plist";
				PRODUCT_NAME = "$(TARGET_NAME)";
				TEST_HOST = "$(BUNDLE_LOADER)";
				WRAPPER_EXTENSION = xctest;
			};
			name = Debug;
		};
		B29496F419784B780000DAC7 /* Release */ = {
			isa = XCBuildConfiguration;
			buildSettings = {
				BUNDLE_LOADER = "$(BUILT_PRODUCTS_DIR)/PMMapView.app/PMMapView";
				FRAMEWORK_SEARCH_PATHS = (
					"$(SDKROOT)/Developer/Library/Frameworks",
					"$(inherited)",
					"$(DEVELOPER_FRAMEWORKS_DIR)",
				);
				GCC_PRECOMPILE_PREFIX_HEADER = YES;
				GCC_PREFIX_HEADER = "PMMapView/PMMapView-Prefix.pch";
				INFOPLIST_FILE = "PMMapViewTests/PMMapViewTests-Info.plist";
				PRODUCT_NAME = "$(TARGET_NAME)";
				TEST_HOST = "$(BUNDLE_LOADER)";
				WRAPPER_EXTENSION = xctest;
			};
			name = Release;
		};
/* End XCBuildConfiguration section */

/* Begin XCConfigurationList section */
		B29496BE19784B780000DAC7 /* Build configuration list for PBXProject "PMMapView" */ = {
			isa = XCConfigurationList;
			buildConfigurations = (
				B29496ED19784B780000DAC7 /* Debug */,
				B29496EE19784B780000DAC7 /* Release */,
			);
			defaultConfigurationIsVisible = 0;
			defaultConfigurationName = Release;
		};
		B29496EF19784B780000DAC7 /* Build configuration list for PBXNativeTarget "PMMapView" */ = {
			isa = XCConfigurationList;
			buildConfigurations = (
				B29496F019784B780000DAC7 /* Debug */,
				B29496F119784B780000DAC7 /* Release */,
			);
			defaultConfigurationIsVisible = 0;
		};
		B29496F219784B780000DAC7 /* Build configuration list for PBXNativeTarget "PMMapViewTests" */ = {
			isa = XCConfigurationList;
			buildConfigurations = (
				B29496F319784B780000DAC7 /* Debug */,
				B29496F419784B780000DAC7 /* Release */,
			);
			defaultConfigurationIsVisible = 0;
		};
/* End XCConfigurationList section */
	};
	rootObject = B29496BB19784B780000DAC7 /* Project object */;
}
